
Microsoft Visual Studio Solution File, Format Version 12.00
# Visual Studio Version 17
VisualStudioVersion = 17.5.33502.453
MinimumVisualStudioVersion = 10.0.40219.1
Project("{FAE04EC0-301F-11D3-BF4B-00C04F79EFBC}") = "AWT_Pract_Two", "AWT_Pract_Two\AWT_Pract_Two.csproj", "{73431CCA-0B3F-436F-8438-BFAC2793F5ED}"
EndProject
Global
	GlobalSection(SolutionConfigurationPlatforms) = preSolution
		Debug|Any CPU = Debug|Any CPU
		Release|Any CPU = Release|Any CPU
	EndGlobalSection
	GlobalSection(ProjectConfigurationPlatforms) = postSolution
		{73431CCA-0B3F-436F-8438-BFAC2793F5ED}.Debug|Any CPU.ActiveCfg = Debug|Any CPU
		{73431CCA-0B3F-436F-8438-BFAC2793F5ED}.Debug|Any CPU.Build.0 = Debug|Any CPU
		{73431CCA-0B3F-436F-8438-BFAC2793F5ED}.Release|Any CPU.ActiveCfg = Release|Any CPU
		{73431CCA-0B3F-436F-8438-BFAC2793F5ED}.Release|Any CPU.Build.0 = Release|Any CPU
	EndGlobalSection
	GlobalSection(SolutionProperties) = preSolution
		HideSolutionNode = FALSE
	EndGlobalSection
	GlobalSection(ExtensibilityGlobals) = postSolution
		SolutionGuid = {B5BB1CAF-E0B8-40DA-AC9E-7E74D61E03E1}
	EndGlobalSection
EndGlobal
